
Microsoft Visual Studio Solution File, Format Version 12.00
# Visual Studio 15
VisualStudioVersion = 15.0.28307.572
MinimumVisualStudioVersion = 10.0.40219.1
Project("{FAE04EC0-301F-11D3-BF4B-00C04F79EFBC}") = "CSTransporteKiosk", "CSTransporteKiosk\CSTransporteKiosk.csproj", "{D7AD711E-322F-418E-8C82-44D7CBB345DF}"
EndProject
Global
	GlobalSection(SolutionConfigurationPlatforms) = preSolution
		Debug|Any CPU = Debug|Any CPU
		Release|Any CPU = Release|Any CPU
	EndGlobalSection
	GlobalSection(ProjectConfigurationPlatforms) = postSolution
		{D7AD711E-322F-418E-8C82-44D7CBB345DF}.Debug|Any CPU.ActiveCfg = Debug|Any CPU
		{D7AD711E-322F-418E-8C82-44D7CBB345DF}.Debug|Any CPU.Build.0 = Debug|Any CPU
		{D7AD711E-322F-418E-8C82-44D7CBB345DF}.Release|Any CPU.ActiveCfg = Release|Any CPU
		{D7AD711E-322F-418E-8C82-44D7CBB345DF}.Release|Any CPU.Build.0 = Release|Any CPU
	EndGlobalSection
	GlobalSection(SolutionProperties) = preSolution
		HideSolutionNode = FALSE
	EndGlobalSection
	GlobalSection(ExtensibilityGlobals) = postSolution
		SolutionGuid = {3026C6CA-2258-460F-A5BF-513A489FD1A9}
	EndGlobalSection
EndGlobal
